
Microsoft Visual Studio Solution File, Format Version 12.00
# Visual Studio Version 17
VisualStudioVersion = 17.0.31903.59
MinimumVisualStudioVersion = 10.0.40219.1
Project("{FAE04EC0-301F-11D3-BF4B-00C04F79EFBC}") = "ds-challenge-01", "ds-challenge-01\ds-challenge-01.csproj", "{86138C5B-8535-4A8C-AC47-068F7ADFF64C}"
EndProject
Project("{FAE04EC0-301F-11D3-BF4B-00C04F79EFBC}") = "ds-challenge-02", "ds-challenge-02\ds-challenge-02.csproj", "{229B7D95-C521-4766-833B-A9945D90B7C4}"
EndProject
Project("{FAE04EC0-301F-11D3-BF4B-00C04F79EFBC}") = "ds-challenge-03", "ds-challenge-03\ds-challenge-03.csproj", "{9CE243B7-6C69-432E-A982-080810268B67}"
EndProject
Project("{FAE04EC0-301F-11D3-BF4B-00C04F79EFBC}") = "ds-challenge-04", "ds-challenge-04\ds-challenge-04.csproj", "{8DDADD33-C9D3-47B4-AA35-4D18C6556B4B}"
EndProject
Project("{FAE04EC0-301F-11D3-BF4B-00C04F79EFBC}") = "ds-challenge-05", "ds-challenge-05\ds-challenge-05.csproj", "{4AC9A33D-D23A-430B-9BEB-D3D520D8617D}"
EndProject
Global
	GlobalSection(SolutionConfigurationPlatforms) = preSolution
		Debug|Any CPU = Debug|Any CPU
		Release|Any CPU = Release|Any CPU
	EndGlobalSection
	GlobalSection(SolutionProperties) = preSolution
		HideSolutionNode = FALSE
	EndGlobalSection
	GlobalSection(ProjectConfigurationPlatforms) = postSolution
		{86138C5B-8535-4A8C-AC47-068F7ADFF64C}.Debug|Any CPU.ActiveCfg = Debug|Any CPU
		{86138C5B-8535-4A8C-AC47-068F7ADFF64C}.Debug|Any CPU.Build.0 = Debug|Any CPU
		{86138C5B-8535-4A8C-AC47-068F7ADFF64C}.Release|Any CPU.ActiveCfg = Release|Any CPU
		{86138C5B-8535-4A8C-AC47-068F7ADFF64C}.Release|Any CPU.Build.0 = Release|Any CPU
		{229B7D95-C521-4766-833B-A9945D90B7C4}.Debug|Any CPU.ActiveCfg = Debug|Any CPU
		{229B7D95-C521-4766-833B-A9945D90B7C4}.Debug|Any CPU.Build.0 = Debug|Any CPU
		{229B7D95-C521-4766-833B-A9945D90B7C4}.Release|Any CPU.ActiveCfg = Release|Any CPU
		{229B7D95-C521-4766-833B-A9945D90B7C4}.Release|Any CPU.Build.0 = Release|Any CPU
		{9CE243B7-6C69-432E-A982-080810268B67}.Debug|Any CPU.ActiveCfg = Debug|Any CPU
		{9CE243B7-6C69-432E-A982-080810268B67}.Debug|Any CPU.Build.0 = Debug|Any CPU
		{9CE243B7-6C69-432E-A982-080810268B67}.Release|Any CPU.ActiveCfg = Release|Any CPU
		{9CE243B7-6C69-432E-A982-080810268B67}.Release|Any CPU.Build.0 = Release|Any CPU
		{8DDADD33-C9D3-47B4-AA35-4D18C6556B4B}.Debug|Any CPU.ActiveCfg = Debug|Any CPU
		{8DDADD33-C9D3-47B4-AA35-4D18C6556B4B}.Debug|Any CPU.Build.0 = Debug|Any CPU
		{8DDADD33-C9D3-47B4-AA35-4D18C6556B4B}.Release|Any CPU.ActiveCfg = Release|Any CPU
		{8DDADD33-C9D3-47B4-AA35-4D18C6556B4B}.Release|Any CPU.Build.0 = Release|Any CPU
		{4AC9A33D-D23A-430B-9BEB-D3D520D8617D}.Debug|Any CPU.ActiveCfg = Debug|Any CPU
		{4AC9A33D-D23A-430B-9BEB-D3D520D8617D}.Debug|Any CPU.Build.0 = Debug|Any CPU
		{4AC9A33D-D23A-430B-9BEB-D3D520D8617D}.Release|Any CPU.ActiveCfg = Release|Any CPU
		{4AC9A33D-D23A-430B-9BEB-D3D520D8617D}.Release|Any CPU.Build.0 = Release|Any CPU
	EndGlobalSection
EndGlobal
